// !$*UTF8*$!
{
	archiveVersion = 1;
	classes = {
	};
	objectVersion = 52;
	objects = {

/* Begin PBXBuildFile section */
		060782B2250CE27700A87020 /* AppDelegate.swift in Sources */ = {isa = PBXBuildFile; fileRef = 060782B1250CE27700A87020 /* AppDelegate.swift */; };
		060782B4250CE27700A87020 /* SceneDelegate.swift in Sources */ = {isa = PBXBuildFile; fileRef = 060782B3250CE27700A87020 /* SceneDelegate.swift */; };
		060782B6250CE27700A87020 /* FeedViewController.swift in Sources */ = {isa = PBXBuildFile; fileRef = 060782B5250CE27700A87020 /* FeedViewController.swift */; };
		060782B9250CE27700A87020 /* Main.storyboard in Resources */ = {isa = PBXBuildFile; fileRef = 060782B7250CE27700A87020 /* Main.storyboard */; };
		060782BB250CE27A00A87020 /* Assets.xcassets in Resources */ = {isa = PBXBuildFile; fileRef = 060782BA250CE27A00A87020 /* Assets.xcassets */; };
		060782BE250CE27A00A87020 /* LaunchScreen.storyboard in Resources */ = {isa = PBXBuildFile; fileRef = 060782BC250CE27A00A87020 /* LaunchScreen.storyboard */; };
		060782C6250CEB0A00A87020 /* InfoViewController.swift in Sources */ = {isa = PBXBuildFile; fileRef = 060782C5250CEB0A00A87020 /* InfoViewController.swift */; };
		060782C8250CEE5D00A87020 /* PostViewController.swift in Sources */ = {isa = PBXBuildFile; fileRef = 060782C7250CEE5D00A87020 /* PostViewController.swift */; };
		060782CA250CEE7200A87020 /* Post.swift in Sources */ = {isa = PBXBuildFile; fileRef = 060782C9250CEE7200A87020 /* Post.swift */; };
		4157C187252A1C4A271CDC68 /* Pods_Navigation.framework in Frameworks */ = {isa = PBXBuildFile; fileRef = 374602A8D17A231A127C3D44 /* Pods_Navigation.framework */; };
		B4A8C04626E13DF800ADCC3F /* LogInViewController.swift in Sources */ = {isa = PBXBuildFile; fileRef = B4A8C04526E13DF800ADCC3F /* LogInViewController.swift */; };
		B4A8C04926E145B500ADCC3F /* User.swift in Sources */ = {isa = PBXBuildFile; fileRef = B4A8C04826E145B500ADCC3F /* User.swift */; };
		B4A8C04C26E15F3F00ADCC3F /* UserService.swift in Sources */ = {isa = PBXBuildFile; fileRef = B4A8C04B26E15F3F00ADCC3F /* UserService.swift */; };
		B4A8C05126E29EDB00ADCC3F /* LoginInspector.swift in Sources */ = {isa = PBXBuildFile; fileRef = B4A8C05026E29EDB00ADCC3F /* LoginInspector.swift */; };
		B4A8C05426E2AC7100ADCC3F /* MyLoginFactory.swift in Sources */ = {isa = PBXBuildFile; fileRef = B4A8C05326E2AC7100ADCC3F /* MyLoginFactory.swift */; };
		B4A8C05D26E52D1800ADCC3F /* Storage.swift in Sources */ = {isa = PBXBuildFile; fileRef = B4A8C05C26E52D1700ADCC3F /* Storage.swift */; };
		B4A8C06626E5302800ADCC3F /* Gallary.swift in Sources */ = {isa = PBXBuildFile; fileRef = B4A8C05F26E5302700ADCC3F /* Gallary.swift */; };
		B4A8C06726E5302800ADCC3F /* PhotosTableViewCell.swift in Sources */ = {isa = PBXBuildFile; fileRef = B4A8C06026E5302700ADCC3F /* PhotosTableViewCell.swift */; };
		B4A8C06826E5302800ADCC3F /* CallPhotosCell.swift in Sources */ = {isa = PBXBuildFile; fileRef = B4A8C06126E5302700ADCC3F /* CallPhotosCell.swift */; };
		B4A8C06926E5302800ADCC3F /* PostTableViewCell.swift in Sources */ = {isa = PBXBuildFile; fileRef = B4A8C06226E5302800ADCC3F /* PostTableViewCell.swift */; };
		B4A8C06A26E5302800ADCC3F /* PhotoForGalleryCell.swift in Sources */ = {isa = PBXBuildFile; fileRef = B4A8C06326E5302800ADCC3F /* PhotoForGalleryCell.swift */; };
		B4A8C06B26E5302800ADCC3F /* GallaryPhotosUINavigationController.swift in Sources */ = {isa = PBXBuildFile; fileRef = B4A8C06426E5302800ADCC3F /* GallaryPhotosUINavigationController.swift */; };
		B4AB308A26E7CAC100E8A690 /* iOSIntPackage in Frameworks */ = {isa = PBXBuildFile; productRef = B4AB308926E7CAC100E8A690 /* iOSIntPackage */; };
		B4AB308F26E93C4200E8A690 /* LoginButton.swift in Sources */ = {isa = PBXBuildFile; fileRef = B4AB308E26E93C4200E8A690 /* LoginButton.swift */; };
		B4AB309426E9462700E8A690 /* CustomButton.swift in Sources */ = {isa = PBXBuildFile; fileRef = B4AB309326E9462700E8A690 /* CustomButton.swift */; };
		B4AB309726E9463B00E8A690 /* CustomTextField.swift in Sources */ = {isa = PBXBuildFile; fileRef = B4AB309626E9463B00E8A690 /* CustomTextField.swift */; };
		B4AB309A26E9483200E8A690 /* Model.swift in Sources */ = {isa = PBXBuildFile; fileRef = B4AB309926E9483200E8A690 /* Model.swift */; };
		B4AB30A326EE179200E8A690 /* TabBarCoordinator.swift in Sources */ = {isa = PBXBuildFile; fileRef = B4AB30A226EE179200E8A690 /* TabBarCoordinator.swift */; };
		B4AB30A726EE1C8400E8A690 /* FeedCoordinator.swift in Sources */ = {isa = PBXBuildFile; fileRef = B4AB30A626EE1C8400E8A690 /* FeedCoordinator.swift */; };
		B4AB30AA26EE1CEF00E8A690 /* FeedAndLoginFactory.swift in Sources */ = {isa = PBXBuildFile; fileRef = B4AB30A926EE1CEF00E8A690 /* FeedAndLoginFactory.swift */; };
		B4AB30AD26EE1E8400E8A690 /* Coordinator.swift in Sources */ = {isa = PBXBuildFile; fileRef = B4AB30AC26EE1E8400E8A690 /* Coordinator.swift */; };
		B4AB30B126EE22E400E8A690 /* NiewViewController.swift in Sources */ = {isa = PBXBuildFile; fileRef = B4AB30B026EE22E400E8A690 /* NiewViewController.swift */; };
		B4AB30B426EE451700E8A690 /* LoginCoordinator.swift in Sources */ = {isa = PBXBuildFile; fileRef = B4AB30B326EE451700E8A690 /* LoginCoordinator.swift */; };
		B4AB30B726EE470900E8A690 /* LoginViewModel.swift in Sources */ = {isa = PBXBuildFile; fileRef = B4AB30B626EE470900E8A690 /* LoginViewModel.swift */; };
		B4AB30BA26EE577700E8A690 /* TabBarController.swift in Sources */ = {isa = PBXBuildFile; fileRef = B4AB30B926EE577700E8A690 /* TabBarController.swift */; };
		B4CADAD225B609AB00A84DBE /* ProfileHeaderView.swift in Sources */ = {isa = PBXBuildFile; fileRef = B4CADAD125B609AB00A84DBE /* ProfileHeaderView.swift */; };
		B4CADAD625B60A3300A84DBE /* ProfileViewController.swift in Sources */ = {isa = PBXBuildFile; fileRef = B4CADAD525B60A3300A84DBE /* ProfileViewController.swift */; };
/* End PBXBuildFile section */

/* Begin PBXFileReference section */
		060782AE250CE27700A87020 /* Navigation.app */ = {isa = PBXFileReference; explicitFileType = wrapper.application; includeInIndex = 0; path = Navigation.app; sourceTree = BUILT_PRODUCTS_DIR; };
		060782B1250CE27700A87020 /* AppDelegate.swift */ = {isa = PBXFileReference; lastKnownFileType = sourcecode.swift; path = AppDelegate.swift; sourceTree = "<group>"; };
		060782B3250CE27700A87020 /* SceneDelegate.swift */ = {isa = PBXFileReference; lastKnownFileType = sourcecode.swift; path = SceneDelegate.swift; sourceTree = "<group>"; };
		060782B5250CE27700A87020 /* FeedViewController.swift */ = {isa = PBXFileReference; lastKnownFileType = sourcecode.swift; path = FeedViewController.swift; sourceTree = "<group>"; };
		060782B8250CE27700A87020 /* Base */ = {isa = PBXFileReference; lastKnownFileType = file.storyboard; name = Base; path = Base.lproj/Main.storyboard; sourceTree = "<group>"; };
		060782BA250CE27A00A87020 /* Assets.xcassets */ = {isa = PBXFileReference; lastKnownFileType = folder.assetcatalog; path = Assets.xcassets; sourceTree = "<group>"; };
		060782BD250CE27A00A87020 /* Base */ = {isa = PBXFileReference; lastKnownFileType = file.storyboard; name = Base; path = Base.lproj/LaunchScreen.storyboard; sourceTree = "<group>"; };
		060782BF250CE27A00A87020 /* Info.plist */ = {isa = PBXFileReference; lastKnownFileType = text.plist.xml; path = Info.plist; sourceTree = "<group>"; };
		060782C5250CEB0A00A87020 /* InfoViewController.swift */ = {isa = PBXFileReference; lastKnownFileType = sourcecode.swift; path = InfoViewController.swift; sourceTree = "<group>"; };
		060782C7250CEE5D00A87020 /* PostViewController.swift */ = {isa = PBXFileReference; lastKnownFileType = sourcecode.swift; path = PostViewController.swift; sourceTree = "<group>"; };
		060782C9250CEE7200A87020 /* Post.swift */ = {isa = PBXFileReference; lastKnownFileType = sourcecode.swift; path = Post.swift; sourceTree = "<group>"; };
		374602A8D17A231A127C3D44 /* Pods_Navigation.framework */ = {isa = PBXFileReference; explicitFileType = wrapper.framework; includeInIndex = 0; path = Pods_Navigation.framework; sourceTree = BUILT_PRODUCTS_DIR; };
		4BBDFB47B187E767CC5FFF4E /* Pods-Navigation.debug.xcconfig */ = {isa = PBXFileReference; includeInIndex = 1; lastKnownFileType = text.xcconfig; name = "Pods-Navigation.debug.xcconfig"; path = "Target Support Files/Pods-Navigation/Pods-Navigation.debug.xcconfig"; sourceTree = "<group>"; };
		B4A8C04526E13DF800ADCC3F /* LogInViewController.swift */ = {isa = PBXFileReference; lastKnownFileType = sourcecode.swift; path = LogInViewController.swift; sourceTree = "<group>"; };
		B4A8C04826E145B500ADCC3F /* User.swift */ = {isa = PBXFileReference; lastKnownFileType = sourcecode.swift; path = User.swift; sourceTree = "<group>"; };
		B4A8C04B26E15F3F00ADCC3F /* UserService.swift */ = {isa = PBXFileReference; lastKnownFileType = sourcecode.swift; path = UserService.swift; sourceTree = "<group>"; };
		B4A8C05026E29EDB00ADCC3F /* LoginInspector.swift */ = {isa = PBXFileReference; lastKnownFileType = sourcecode.swift; path = LoginInspector.swift; sourceTree = "<group>"; };
		B4A8C05326E2AC7100ADCC3F /* MyLoginFactory.swift */ = {isa = PBXFileReference; lastKnownFileType = sourcecode.swift; path = MyLoginFactory.swift; sourceTree = "<group>"; };
		B4A8C05C26E52D1700ADCC3F /* Storage.swift */ = {isa = PBXFileReference; fileEncoding = 4; lastKnownFileType = sourcecode.swift; path = Storage.swift; sourceTree = "<group>"; };
		B4A8C05F26E5302700ADCC3F /* Gallary.swift */ = {isa = PBXFileReference; fileEncoding = 4; lastKnownFileType = sourcecode.swift; path = Gallary.swift; sourceTree = "<group>"; };
		B4A8C06026E5302700ADCC3F /* PhotosTableViewCell.swift */ = {isa = PBXFileReference; fileEncoding = 4; lastKnownFileType = sourcecode.swift; path = PhotosTableViewCell.swift; sourceTree = "<group>"; };
		B4A8C06126E5302700ADCC3F /* CallPhotosCell.swift */ = {isa = PBXFileReference; fileEncoding = 4; lastKnownFileType = sourcecode.swift; path = CallPhotosCell.swift; sourceTree = "<group>"; };
		B4A8C06226E5302800ADCC3F /* PostTableViewCell.swift */ = {isa = PBXFileReference; fileEncoding = 4; lastKnownFileType = sourcecode.swift; path = PostTableViewCell.swift; sourceTree = "<group>"; };
		B4A8C06326E5302800ADCC3F /* PhotoForGalleryCell.swift */ = {isa = PBXFileReference; fileEncoding = 4; lastKnownFileType = sourcecode.swift; path = PhotoForGalleryCell.swift; sourceTree = "<group>"; };
		B4A8C06426E5302800ADCC3F /* GallaryPhotosUINavigationController.swift */ = {isa = PBXFileReference; fileEncoding = 4; lastKnownFileType = sourcecode.swift; path = GallaryPhotosUINavigationController.swift; sourceTree = "<group>"; };
		B4AB308E26E93C4200E8A690 /* LoginButton.swift */ = {isa = PBXFileReference; lastKnownFileType = sourcecode.swift; path = LoginButton.swift; sourceTree = "<group>"; };
		B4AB309326E9462700E8A690 /* CustomButton.swift */ = {isa = PBXFileReference; lastKnownFileType = sourcecode.swift; path = CustomButton.swift; sourceTree = "<group>"; };
		B4AB309626E9463B00E8A690 /* CustomTextField.swift */ = {isa = PBXFileReference; lastKnownFileType = sourcecode.swift; path = CustomTextField.swift; sourceTree = "<group>"; };
		B4AB309926E9483200E8A690 /* Model.swift */ = {isa = PBXFileReference; lastKnownFileType = sourcecode.swift; path = Model.swift; sourceTree = "<group>"; };
		B4AB30A226EE179200E8A690 /* TabBarCoordinator.swift */ = {isa = PBXFileReference; lastKnownFileType = sourcecode.swift; path = TabBarCoordinator.swift; sourceTree = "<group>"; };
		B4AB30A626EE1C8400E8A690 /* FeedCoordinator.swift */ = {isa = PBXFileReference; lastKnownFileType = sourcecode.swift; path = FeedCoordinator.swift; sourceTree = "<group>"; };
		B4AB30A926EE1CEF00E8A690 /* FeedAndLoginFactory.swift */ = {isa = PBXFileReference; lastKnownFileType = sourcecode.swift; path = FeedAndLoginFactory.swift; sourceTree = "<group>"; };
		B4AB30AC26EE1E8400E8A690 /* Coordinator.swift */ = {isa = PBXFileReference; lastKnownFileType = sourcecode.swift; path = Coordinator.swift; sourceTree = "<group>"; };
		B4AB30B026EE22E400E8A690 /* NiewViewController.swift */ = {isa = PBXFileReference; lastKnownFileType = sourcecode.swift; path = NiewViewController.swift; sourceTree = "<group>"; };
		B4AB30B326EE451700E8A690 /* LoginCoordinator.swift */ = {isa = PBXFileReference; lastKnownFileType = sourcecode.swift; path = LoginCoordinator.swift; sourceTree = "<group>"; };
		B4AB30B626EE470900E8A690 /* LoginViewModel.swift */ = {isa = PBXFileReference; lastKnownFileType = sourcecode.swift; path = LoginViewModel.swift; sourceTree = "<group>"; };
		B4AB30B926EE577700E8A690 /* TabBarController.swift */ = {isa = PBXFileReference; lastKnownFileType = sourcecode.swift; path = TabBarController.swift; sourceTree = "<group>"; };
		B4CADAD125B609AB00A84DBE /* ProfileHeaderView.swift */ = {isa = PBXFileReference; lastKnownFileType = sourcecode.swift; path = ProfileHeaderView.swift; sourceTree = "<group>"; };
		B4CADAD525B60A3300A84DBE /* ProfileViewController.swift */ = {isa = PBXFileReference; lastKnownFileType = sourcecode.swift; path = ProfileViewController.swift; sourceTree = "<group>"; };
		F161F68BF7636AE3E7DF93AC /* Pods-Navigation.release.xcconfig */ = {isa = PBXFileReference; includeInIndex = 1; lastKnownFileType = text.xcconfig; name = "Pods-Navigation.release.xcconfig"; path = "Target Support Files/Pods-Navigation/Pods-Navigation.release.xcconfig"; sourceTree = "<group>"; };
/* End PBXFileReference section */

/* Begin PBXFrameworksBuildPhase section */
		060782AB250CE27700A87020 /* Frameworks */ = {
			isa = PBXFrameworksBuildPhase;
			buildActionMask = 2147483647;
			files = (
				4157C187252A1C4A271CDC68 /* Pods_Navigation.framework in Frameworks */,
				B4AB308A26E7CAC100E8A690 /* iOSIntPackage in Frameworks */,
			);
			runOnlyForDeploymentPostprocessing = 0;
		};
/* End PBXFrameworksBuildPhase section */

/* Begin PBXGroup section */
		060782A5250CE27700A87020 = {
			isa = PBXGroup;
			children = (
				B4CADAD025B6097600A84DBE /* Profile */,
				060782B0250CE27700A87020 /* Navigation */,
				060782AF250CE27700A87020 /* Products */,
				71EB328B3482D6B930B939DD /* Pods */,
				6CC12420F37CDC3B840DA960 /* Frameworks */,
			);
			sourceTree = "<group>";
		};
		060782AF250CE27700A87020 /* Products */ = {
			isa = PBXGroup;
			children = (
				060782AE250CE27700A87020 /* Navigation.app */,
			);
			name = Products;
			sourceTree = "<group>";
		};
		060782B0250CE27700A87020 /* Navigation */ = {
			isa = PBXGroup;
			children = (
				060782B1250CE27700A87020 /* AppDelegate.swift */,
				B4AB30B926EE577700E8A690 /* TabBarController.swift */,
				060782B3250CE27700A87020 /* SceneDelegate.swift */,
				060782B7250CE27700A87020 /* Main.storyboard */,
				B4AB30B026EE22E400E8A690 /* NiewViewController.swift */,
				B4AB309126E9448B00E8A690 /* MVC */,
				B4A8C05626E2B3B800ADCC3F /* LogIn */,
				060782BA250CE27A00A87020 /* Assets.xcassets */,
				B4AB30A926EE1CEF00E8A690 /* FeedAndLoginFactory.swift */,
				B4AB30A126EE175A00E8A690 /* Coordinators */,
				060782BC250CE27A00A87020 /* LaunchScreen.storyboard */,
				060782BF250CE27A00A87020 /* Info.plist */,
				060782C5250CEB0A00A87020 /* InfoViewController.swift */,
				060782C7250CEE5D00A87020 /* PostViewController.swift */,
				060782C9250CEE7200A87020 /* Post.swift */,
			);
			path = Navigation;
			sourceTree = "<group>";
		};
		6CC12420F37CDC3B840DA960 /* Frameworks */ = {
			isa = PBXGroup;
			children = (
				374602A8D17A231A127C3D44 /* Pods_Navigation.framework */,
			);
			name = Frameworks;
			sourceTree = "<group>";
		};
		71EB328B3482D6B930B939DD /* Pods */ = {
			isa = PBXGroup;
			children = (
				4BBDFB47B187E767CC5FFF4E /* Pods-Navigation.debug.xcconfig */,
				F161F68BF7636AE3E7DF93AC /* Pods-Navigation.release.xcconfig */,
			);
			path = Pods;
			sourceTree = "<group>";
		};
		B4A8C05626E2B3B800ADCC3F /* LogIn */ = {
			isa = PBXGroup;
			children = (
				B4A8C04826E145B500ADCC3F /* User.swift */,
				B4A8C04526E13DF800ADCC3F /* LogInViewController.swift */,
				B4AB30B626EE470900E8A690 /* LoginViewModel.swift */,
				B4AB308E26E93C4200E8A690 /* LoginButton.swift */,
				B4A8C04B26E15F3F00ADCC3F /* UserService.swift */,
				B4A8C05026E29EDB00ADCC3F /* LoginInspector.swift */,
				B4A8C05326E2AC7100ADCC3F /* MyLoginFactory.swift */,
			);
			name = LogIn;
			sourceTree = "<group>";
		};
		B4A8C06E26E536BD00ADCC3F /* CollectionView */ = {
			isa = PBXGroup;
			children = (
				B4A8C06026E5302700ADCC3F /* PhotosTableViewCell.swift */,
				B4A8C06126E5302700ADCC3F /* CallPhotosCell.swift */,
				B4A8C05F26E5302700ADCC3F /* Gallary.swift */,
			);
			name = CollectionView;
			sourceTree = "<group>";
		};
		B4AB309126E9448B00E8A690 /* MVC */ = {
			isa = PBXGroup;
			children = (
				060782B5250CE27700A87020 /* FeedViewController.swift */,
				B4AB309326E9462700E8A690 /* CustomButton.swift */,
				B4AB309626E9463B00E8A690 /* CustomTextField.swift */,
				B4AB309926E9483200E8A690 /* Model.swift */,
			);
			path = MVC;
			sourceTree = "<group>";
		};
		B4AB30A126EE175A00E8A690 /* Coordinators */ = {
			isa = PBXGroup;
			children = (
				B4AB30AC26EE1E8400E8A690 /* Coordinator.swift */,
				B4AB30A226EE179200E8A690 /* TabBarCoordinator.swift */,
				B4AB30A626EE1C8400E8A690 /* FeedCoordinator.swift */,
				B4AB30B326EE451700E8A690 /* LoginCoordinator.swift */,
			);
			name = Coordinators;
			path = ..;
			sourceTree = "<group>";
		};
		B4CADAD025B6097600A84DBE /* Profile */ = {
			isa = PBXGroup;
			children = (
				B4A8C06326E5302800ADCC3F /* PhotoForGalleryCell.swift */,
				B4A8C06426E5302800ADCC3F /* GallaryPhotosUINavigationController.swift */,
				B4A8C06E26E536BD00ADCC3F /* CollectionView */,
				B4A8C06226E5302800ADCC3F /* PostTableViewCell.swift */,
				B4CADAD125B609AB00A84DBE /* ProfileHeaderView.swift */,
				B4CADAD525B60A3300A84DBE /* ProfileViewController.swift */,
				B4A8C05C26E52D1700ADCC3F /* Storage.swift */,
			);
			path = Profile;
			sourceTree = "<group>";
		};
/* End PBXGroup section */

/* Begin PBXNativeTarget section */
		060782AD250CE27700A87020 /* Navigation */ = {
			isa = PBXNativeTarget;
			buildConfigurationList = 060782C2250CE27A00A87020 /* Build configuration list for PBXNativeTarget "Navigation" */;
			buildPhases = (
				C542DC642DC455896F4EDD12 /* [CP] Check Pods Manifest.lock */,
				060782AA250CE27700A87020 /* Sources */,
				060782AB250CE27700A87020 /* Frameworks */,
				060782AC250CE27700A87020 /* Resources */,
				1E34A2645713DB33A2B64E1B /* [CP] Embed Pods Frameworks */,
			);
			buildRules = (
			);
			dependencies = (
			);
			name = Navigation;
			packageProductDependencies = (
				B4AB308926E7CAC100E8A690 /* iOSIntPackage */,
			);
			productName = Navigation;
			productReference = 060782AE250CE27700A87020 /* Navigation.app */;
			productType = "com.apple.product-type.application";
		};
/* End PBXNativeTarget section */

/* Begin PBXProject section */
		060782A6250CE27700A87020 /* Project object */ = {
			isa = PBXProject;
			attributes = {
				LastSwiftUpdateCheck = 1170;
				LastUpgradeCheck = 1170;
				ORGANIZATIONNAME = "Artem Novichkov";
				TargetAttributes = {
					060782AD250CE27700A87020 = {
						CreatedOnToolsVersion = 11.7;
					};
				};
			};
			buildConfigurationList = 060782A9250CE27700A87020 /* Build configuration list for PBXProject "Navigation" */;
			compatibilityVersion = "Xcode 9.3";
			developmentRegion = en;
			hasScannedForEncodings = 0;
			knownRegions = (
				en,
				Base,
			);
			mainGroup = 060782A5250CE27700A87020;
			packageReferences = (
				B4AB308826E7CAC100E8A690 /* XCRemoteSwiftPackageReference "iOSIntPackage" */,
			);
			productRefGroup = 060782AF250CE27700A87020 /* Products */;
			projectDirPath = "";
			projectRoot = "";
			targets = (
				060782AD250CE27700A87020 /* Navigation */,
			);
		};
/* End PBXProject section */

/* Begin PBXResourcesBuildPhase section */
		060782AC250CE27700A87020 /* Resources */ = {
			isa = PBXResourcesBuildPhase;
			buildActionMask = 2147483647;
			files = (
				060782BE250CE27A00A87020 /* LaunchScreen.storyboard in Resources */,
				060782BB250CE27A00A87020 /* Assets.xcassets in Resources */,
				060782B9250CE27700A87020 /* Main.storyboard in Resources */,
			);
			runOnlyForDeploymentPostprocessing = 0;
		};
/* End PBXResourcesBuildPhase section */

/* Begin PBXShellScriptBuildPhase section */
		1E34A2645713DB33A2B64E1B /* [CP] Embed Pods Frameworks */ = {
			isa = PBXShellScriptBuildPhase;
			buildActionMask = 2147483647;
			files = (
			);
			inputFileListPaths = (
				"${PODS_ROOT}/Target Support Files/Pods-Navigation/Pods-Navigation-frameworks-${CONFIGURATION}-input-files.xcfilelist",
			);
			name = "[CP] Embed Pods Frameworks";
			outputFileListPaths = (
				"${PODS_ROOT}/Target Support Files/Pods-Navigation/Pods-Navigation-frameworks-${CONFIGURATION}-output-files.xcfilelist",
			);
			runOnlyForDeploymentPostprocessing = 0;
			shellPath = /bin/sh;
			shellScript = "\"${PODS_ROOT}/Target Support Files/Pods-Navigation/Pods-Navigation-frameworks.sh\"\n";
			showEnvVarsInLog = 0;
		};
		C542DC642DC455896F4EDD12 /* [CP] Check Pods Manifest.lock */ = {
			isa = PBXShellScriptBuildPhase;
			buildActionMask = 2147483647;
			files = (
			);
			inputFileListPaths = (
			);
			inputPaths = (
				"${PODS_PODFILE_DIR_PATH}/Podfile.lock",
				"${PODS_ROOT}/Manifest.lock",
			);
			name = "[CP] Check Pods Manifest.lock";
			outputFileListPaths = (
			);
			outputPaths = (
				"$(DERIVED_FILE_DIR)/Pods-Navigation-checkManifestLockResult.txt",
			);
			runOnlyForDeploymentPostprocessing = 0;
			shellPath = /bin/sh;
			shellScript = "diff \"${PODS_PODFILE_DIR_PATH}/Podfile.lock\" \"${PODS_ROOT}/Manifest.lock\" > /dev/null\nif [ $? != 0 ] ; then\n    # print error to STDERR\n    echo \"error: The sandbox is not in sync with the Podfile.lock. Run 'pod install' or update your CocoaPods installation.\" >&2\n    exit 1\nfi\n# This output is used by Xcode 'outputs' to avoid re-running this script phase.\necho \"SUCCESS\" > \"${SCRIPT_OUTPUT_FILE_0}\"\n";
			showEnvVarsInLog = 0;
		};
/* End PBXShellScriptBuildPhase section */

/* Begin PBXSourcesBuildPhase section */
		060782AA250CE27700A87020 /* Sources */ = {
			isa = PBXSourcesBuildPhase;
			buildActionMask = 2147483647;
			files = (
				060782B6250CE27700A87020 /* FeedViewController.swift in Sources */,
				B4AB30BA26EE577700E8A690 /* TabBarController.swift in Sources */,
				B4AB30AA26EE1CEF00E8A690 /* FeedAndLoginFactory.swift in Sources */,
				B4A8C05D26E52D1800ADCC3F /* Storage.swift in Sources */,
				060782B2250CE27700A87020 /* AppDelegate.swift in Sources */,
				B4AB30A326EE179200E8A690 /* TabBarCoordinator.swift in Sources */,
				B4A8C06826E5302800ADCC3F /* CallPhotosCell.swift in Sources */,
				B4AB309726E9463B00E8A690 /* CustomTextField.swift in Sources */,
				B4A8C04626E13DF800ADCC3F /* LogInViewController.swift in Sources */,
				B4A8C06726E5302800ADCC3F /* PhotosTableViewCell.swift in Sources */,
				B4A8C05126E29EDB00ADCC3F /* LoginInspector.swift in Sources */,
				060782C6250CEB0A00A87020 /* InfoViewController.swift in Sources */,
				060782CA250CEE7200A87020 /* Post.swift in Sources */,
				B4AB30B426EE451700E8A690 /* LoginCoordinator.swift in Sources */,
				B4CADAD225B609AB00A84DBE /* ProfileHeaderView.swift in Sources */,
				B4AB30B126EE22E400E8A690 /* NiewViewController.swift in Sources */,
				B4A8C04C26E15F3F00ADCC3F /* UserService.swift in Sources */,
				060782B4250CE27700A87020 /* SceneDelegate.swift in Sources */,
				B4AB30B726EE470900E8A690 /* LoginViewModel.swift in Sources */,
				B4A8C05426E2AC7100ADCC3F /* MyLoginFactory.swift in Sources */,
				B4CADAD625B60A3300A84DBE /* ProfileViewController.swift in Sources */,
				B4AB309A26E9483200E8A690 /* Model.swift in Sources */,
				B4A8C04926E145B500ADCC3F /* User.swift in Sources */,
				060782C8250CEE5D00A87020 /* PostViewController.swift in Sources */,
				B4AB30AD26EE1E8400E8A690 /* Coordinator.swift in Sources */,
				B4AB308F26E93C4200E8A690 /* LoginButton.swift in Sources */,
				B4A8C06A26E5302800ADCC3F /* PhotoForGalleryCell.swift in Sources */,
				B4AB309426E9462700E8A690 /* CustomButton.swift in Sources */,
				B4AB30A726EE1C8400E8A690 /* FeedCoordinator.swift in Sources */,
				B4A8C06626E5302800ADCC3F /* Gallary.swift in Sources */,
				B4A8C06926E5302800ADCC3F /* PostTableViewCell.swift in Sources */,
				B4A8C06B26E5302800ADCC3F /* GallaryPhotosUINavigationController.swift in Sources */,
			);
			runOnlyForDeploymentPostprocessing = 0;
		};
/* End PBXSourcesBuildPhase section */

/* Begin PBXVariantGroup section */
		060782B7250CE27700A87020 /* Main.storyboard */ = {
			isa = PBXVariantGroup;
			children = (
				060782B8250CE27700A87020 /* Base */,
			);
			name = Main.storyboard;
			sourceTree = "<group>";
		};
		060782BC250CE27A00A87020 /* LaunchScreen.storyboard */ = {
			isa = PBXVariantGroup;
			children = (
				060782BD250CE27A00A87020 /* Base */,
			);
			name = LaunchScreen.storyboard;
			sourceTree = "<group>";
		};
/* End PBXVariantGroup section */

/* Begin XCBuildConfiguration section */
		060782C0250CE27A00A87020 /* Debug */ = {
			isa = XCBuildConfiguration;
			buildSettings = {
				ALWAYS_SEARCH_USER_PATHS = NO;
				CLANG_ANALYZER_NONNULL = YES;
				CLANG_ANALYZER_NUMBER_OBJECT_CONVERSION = YES_AGGRESSIVE;
				CLANG_CXX_LANGUAGE_STANDARD = "gnu++14";
				CLANG_CXX_LIBRARY = "libc++";
				CLANG_ENABLE_MODULES = YES;
				CLANG_ENABLE_OBJC_ARC = YES;
				CLANG_ENABLE_OBJC_WEAK = YES;
				CLANG_WARN_BLOCK_CAPTURE_AUTORELEASING = YES;
				CLANG_WARN_BOOL_CONVERSION = YES;
				CLANG_WARN_COMMA = YES;
				CLANG_WARN_CONSTANT_CONVERSION = YES;
				CLANG_WARN_DEPRECATED_OBJC_IMPLEMENTATIONS = YES;
				CLANG_WARN_DIRECT_OBJC_ISA_USAGE = YES_ERROR;
				CLANG_WARN_DOCUMENTATION_COMMENTS = YES;
				CLANG_WARN_EMPTY_BODY = YES;
				CLANG_WARN_ENUM_CONVERSION = YES;
				CLANG_WARN_INFINITE_RECURSION = YES;
				CLANG_WARN_INT_CONVERSION = YES;
				CLANG_WARN_NON_LITERAL_NULL_CONVERSION = YES;
				CLANG_WARN_OBJC_IMPLICIT_RETAIN_SELF = YES;
				CLANG_WARN_OBJC_LITERAL_CONVERSION = YES;
				CLANG_WARN_OBJC_ROOT_CLASS = YES_ERROR;
				CLANG_WARN_RANGE_LOOP_ANALYSIS = YES;
				CLANG_WARN_STRICT_PROTOTYPES = YES;
				CLANG_WARN_SUSPICIOUS_MOVE = YES;
				CLANG_WARN_UNGUARDED_AVAILABILITY = YES_AGGRESSIVE;
				CLANG_WARN_UNREACHABLE_CODE = YES;
				CLANG_WARN__DUPLICATE_METHOD_MATCH = YES;
				COPY_PHASE_STRIP = NO;
				DEBUG_INFORMATION_FORMAT = dwarf;
				ENABLE_STRICT_OBJC_MSGSEND = YES;
				ENABLE_TESTABILITY = YES;
				GCC_C_LANGUAGE_STANDARD = gnu11;
				GCC_DYNAMIC_NO_PIC = NO;
				GCC_NO_COMMON_BLOCKS = YES;
				GCC_OPTIMIZATION_LEVEL = 0;
				GCC_PREPROCESSOR_DEFINITIONS = (
					"DEBUG=1",
					"$(inherited)",
				);
				GCC_WARN_64_TO_32_BIT_CONVERSION = YES;
				GCC_WARN_ABOUT_RETURN_TYPE = YES_ERROR;
				GCC_WARN_UNDECLARED_SELECTOR = YES;
				GCC_WARN_UNINITIALIZED_AUTOS = YES_AGGRESSIVE;
				GCC_WARN_UNUSED_FUNCTION = YES;
				GCC_WARN_UNUSED_VARIABLE = YES;
				IPHONEOS_DEPLOYMENT_TARGET = 13.7;
				MTL_ENABLE_DEBUG_INFO = INCLUDE_SOURCE;
				MTL_FAST_MATH = YES;
				ONLY_ACTIVE_ARCH = YES;
				SDKROOT = iphoneos;
				SWIFT_ACTIVE_COMPILATION_CONDITIONS = DEBUG;
				SWIFT_OPTIMIZATION_LEVEL = "-Onone";
			};
			name = Debug;
		};
		060782C1250CE27A00A87020 /* Release */ = {
			isa = XCBuildConfiguration;
			buildSettings = {
				ALWAYS_SEARCH_USER_PATHS = NO;
				CLANG_ANALYZER_NONNULL = YES;
				CLANG_ANALYZER_NUMBER_OBJECT_CONVERSION = YES_AGGRESSIVE;
				CLANG_CXX_LANGUAGE_STANDARD = "gnu++14";
				CLANG_CXX_LIBRARY = "libc++";
				CLANG_ENABLE_MODULES = YES;
				CLANG_ENABLE_OBJC_ARC = YES;
				CLANG_ENABLE_OBJC_WEAK = YES;
				CLANG_WARN_BLOCK_CAPTURE_AUTORELEASING = YES;
				CLANG_WARN_BOOL_CONVERSION = YES;
				CLANG_WARN_COMMA = YES;
				CLANG_WARN_CONSTANT_CONVERSION = YES;
				CLANG_WARN_DEPRECATED_OBJC_IMPLEMENTATIONS = YES;
				CLANG_WARN_DIRECT_OBJC_ISA_USAGE = YES_ERROR;
				CLANG_WARN_DOCUMENTATION_COMMENTS = YES;
				CLANG_WARN_EMPTY_BODY = YES;
				CLANG_WARN_ENUM_CONVERSION = YES;
				CLANG_WARN_INFINITE_RECURSION = YES;
				CLANG_WARN_INT_CONVERSION = YES;
				CLANG_WARN_NON_LITERAL_NULL_CONVERSION = YES;
				CLANG_WARN_OBJC_IMPLICIT_RETAIN_SELF = YES;
				CLANG_WARN_OBJC_LITERAL_CONVERSION = YES;
				CLANG_WARN_OBJC_ROOT_CLASS = YES_ERROR;
				CLANG_WARN_RANGE_LOOP_ANALYSIS = YES;
				CLANG_WARN_STRICT_PROTOTYPES = YES;
				CLANG_WARN_SUSPICIOUS_MOVE = YES;
				CLANG_WARN_UNGUARDED_AVAILABILITY = YES_AGGRESSIVE;
				CLANG_WARN_UNREACHABLE_CODE = YES;
				CLANG_WARN__DUPLICATE_METHOD_MATCH = YES;
				COPY_PHASE_STRIP = NO;
				DEBUG_INFORMATION_FORMAT = "dwarf-with-dsym";
				ENABLE_NS_ASSERTIONS = NO;
				ENABLE_STRICT_OBJC_MSGSEND = YES;
				GCC_C_LANGUAGE_STANDARD = gnu11;
				GCC_NO_COMMON_BLOCKS = YES;
				GCC_WARN_64_TO_32_BIT_CONVERSION = YES;
				GCC_WARN_ABOUT_RETURN_TYPE = YES_ERROR;
				GCC_WARN_UNDECLARED_SELECTOR = YES;
				GCC_WARN_UNINITIALIZED_AUTOS = YES_AGGRESSIVE;
				GCC_WARN_UNUSED_FUNCTION = YES;
				GCC_WARN_UNUSED_VARIABLE = YES;
				IPHONEOS_DEPLOYMENT_TARGET = 13.7;
				MTL_ENABLE_DEBUG_INFO = NO;
				MTL_FAST_MATH = YES;
				SDKROOT = iphoneos;
				SWIFT_COMPILATION_MODE = wholemodule;
				SWIFT_OPTIMIZATION_LEVEL = "-O";
				VALIDATE_PRODUCT = YES;
			};
			name = Release;
		};
		060782C3250CE27A00A87020 /* Debug */ = {
			isa = XCBuildConfiguration;
			baseConfigurationReference = 4BBDFB47B187E767CC5FFF4E /* Pods-Navigation.debug.xcconfig */;
			buildSettings = {
				ASSETCATALOG_COMPILER_APPICON_NAME = AppIcon;
				CODE_SIGN_STYLE = Automatic;
				DEVELOPMENT_TEAM = 79RZ866842;
				INFOPLIST_FILE = Navigation/Info.plist;
				LD_RUNPATH_SEARCH_PATHS = (
					"$(inherited)",
					"@executable_path/Frameworks",
				);
				PRODUCT_BUNDLE_IDENTIFIER = com.artemnovichkov.Navigation;
				PRODUCT_NAME = "$(TARGET_NAME)";
				SWIFT_VERSION = 5.0;
				TARGETED_DEVICE_FAMILY = "1,2";
			};
			name = Debug;
		};
		060782C4250CE27A00A87020 /* Release */ = {
			isa = XCBuildConfiguration;
			baseConfigurationReference = F161F68BF7636AE3E7DF93AC /* Pods-Navigation.release.xcconfig */;
			buildSettings = {
				ASSETCATALOG_COMPILER_APPICON_NAME = AppIcon;
				CODE_SIGN_STYLE = Automatic;
				DEVELOPMENT_TEAM = 79RZ866842;
				INFOPLIST_FILE = Navigation/Info.plist;
				LD_RUNPATH_SEARCH_PATHS = (
					"$(inherited)",
					"@executable_path/Frameworks",
				);
				PRODUCT_BUNDLE_IDENTIFIER = com.artemnovichkov.Navigation;
				PRODUCT_NAME = "$(TARGET_NAME)";
				SWIFT_VERSION = 5.0;
				TARGETED_DEVICE_FAMILY = "1,2";
			};
			name = Release;
		};
/* End XCBuildConfiguration section */

/* Begin XCConfigurationList section */
		060782A9250CE27700A87020 /* Build configuration list for PBXProject "Navigation" */ = {
			isa = XCConfigurationList;
			buildConfigurations = (
				060782C0250CE27A00A87020 /* Debug */,
				060782C1250CE27A00A87020 /* Release */,
			);
			defaultConfigurationIsVisible = 0;
			defaultConfigurationName = Release;
		};
		060782C2250CE27A00A87020 /* Build configuration list for PBXNativeTarget "Navigation" */ = {
			isa = XCConfigurationList;
			buildConfigurations = (
				060782C3250CE27A00A87020 /* Debug */,
				060782C4250CE27A00A87020 /* Release */,
			);
			defaultConfigurationIsVisible = 0;
			defaultConfigurationName = Release;
		};
/* End XCConfigurationList section */

/* Begin XCRemoteSwiftPackageReference section */
		B4AB308826E7CAC100E8A690 /* XCRemoteSwiftPackageReference "iOSIntPackage" */ = {
			isa = XCRemoteSwiftPackageReference;
			repositoryURL = "https://github.com/TrueMax/iOSIntPackage";
			requirement = {
				branch = imagepublisher;
				kind = branch;
			};
		};
/* End XCRemoteSwiftPackageReference section */

/* Begin XCSwiftPackageProductDependency section */
		B4AB308926E7CAC100E8A690 /* iOSIntPackage */ = {
			isa = XCSwiftPackageProductDependency;
			package = B4AB308826E7CAC100E8A690 /* XCRemoteSwiftPackageReference "iOSIntPackage" */;
			productName = iOSIntPackage;
		};
/* End XCSwiftPackageProductDependency section */
	};
	rootObject = 060782A6250CE27700A87020 /* Project object */;
}
